// !$*UTF8*$!
{
	archiveVersion = 1;
	classes = {
	};
	objectVersion = 46;
	objects = {

/* Begin PBXBuildFile section */
		0B1C4396A59703569BA333DE /* libPods.a in Frameworks */ = {isa = PBXBuildFile; fileRef = 35A8C4AC0277444413118FB4 /* libPods.a */; };
		A103EB601B6733BE004C5890 /* MJModel.m in Sources */ = {isa = PBXBuildFile; fileRef = A103EB5F1B6733BE004C5890 /* MJModel.m */; };
		A103EB641B675BD2004C5890 /* Main.m in Sources */ = {isa = PBXBuildFile; fileRef = A103EB631B675BD2004C5890 /* Main.m */; };
		A103EB671B67649C004C5890 /* Weather.m in Sources */ = {isa = PBXBuildFile; fileRef = A103EB661B67649C004C5890 /* Weather.m */; };
		A1616AF31B79A23E004B69C8 /* networkTestModel.m in Sources */ = {isa = PBXBuildFile; fileRef = A1616AF21B79A23E004B69C8 /* networkTestModel.m */; };
		A1616AF61B79A34B004B69C8 /* productModel.m in Sources */ = {isa = PBXBuildFile; fileRef = A1616AF51B79A34B004B69C8 /* productModel.m */; };
		A191F1071B663C95003F6592 /* main.m in Sources */ = {isa = PBXBuildFile; fileRef = A191F1061B663C95003F6592 /* main.m */; };
		A191F10A1B663C95003F6592 /* AppDelegate.m in Sources */ = {isa = PBXBuildFile; fileRef = A191F1091B663C95003F6592 /* AppDelegate.m */; };
		A191F10D1B663C95003F6592 /* ViewController.m in Sources */ = {isa = PBXBuildFile; fileRef = A191F10C1B663C95003F6592 /* ViewController.m */; };
		A191F1101B663C95003F6592 /* Main.storyboard in Resources */ = {isa = PBXBuildFile; fileRef = A191F10E1B663C95003F6592 /* Main.storyboard */; };
		A191F1121B663C95003F6592 /* Images.xcassets in Resources */ = {isa = PBXBuildFile; fileRef = A191F1111B663C95003F6592 /* Images.xcassets */; };
		A191F1151B663C95003F6592 /* LaunchScreen.xib in Resources */ = {isa = PBXBuildFile; fileRef = A191F1131B663C95003F6592 /* LaunchScreen.xib */; };
		A191F1211B663C95003F6592 /* ModelTestTests.m in Sources */ = {isa = PBXBuildFile; fileRef = A191F1201B663C95003F6592 /* ModelTestTests.m */; };
		A1D8BEA11B69D04000B99539 /* JSModel.m in Sources */ = {isa = PBXBuildFile; fileRef = A1D8BEA01B69D04000B99539 /* JSModel.m */; };
		A1D8BEA41B69D31A00B99539 /* JSWeather.m in Sources */ = {isa = PBXBuildFile; fileRef = A1D8BEA31B69D31A00B99539 /* JSWeather.m */; };
		A1D8BEA71B69D39100B99539 /* JSMain.m in Sources */ = {isa = PBXBuildFile; fileRef = A1D8BEA61B69D39100B99539 /* JSMain.m */; };
		A1E271771B78818100B505F6 /* LXJNetworkEngine.m in Sources */ = {isa = PBXBuildFile; fileRef = A1E271761B78818100B505F6 /* LXJNetworkEngine.m */; };
/* End PBXBuildFile section */

/* Begin PBXContainerItemProxy section */
		A191F11B1B663C95003F6592 /* PBXContainerItemProxy */ = {
			isa = PBXContainerItemProxy;
			containerPortal = A191F0F91B663C95003F6592 /* Project object */;
			proxyType = 1;
			remoteGlobalIDString = A191F1001B663C95003F6592;
			remoteInfo = ModelTest;
		};
/* End PBXContainerItemProxy section */

/* Begin PBXFileReference section */
		09A39E7009FF0FC92E7FB356 /* Pods.release.xcconfig */ = {isa = PBXFileReference; includeInIndex = 1; lastKnownFileType = text.xcconfig; name = Pods.release.xcconfig; path = "Pods/Target Support Files/Pods/Pods.release.xcconfig"; sourceTree = "<group>"; };
		35A8C4AC0277444413118FB4 /* libPods.a */ = {isa = PBXFileReference; explicitFileType = archive.ar; includeInIndex = 0; path = libPods.a; sourceTree = BUILT_PRODUCTS_DIR; };
		A103EB5C1B672900004C5890 /* PrefixHeader.pch */ = {isa = PBXFileReference; lastKnownFileType = sourcecode.c.h; path = PrefixHeader.pch; sourceTree = "<group>"; };
		A103EB5E1B6733BE004C5890 /* MJModel.h */ = {isa = PBXFileReference; fileEncoding = 4; lastKnownFileType = sourcecode.c.h; name = MJModel.h; path = ../MJModel.h; sourceTree = "<group>"; };
		A103EB5F1B6733BE004C5890 /* MJModel.m */ = {isa = PBXFileReference; fileEncoding = 4; lastKnownFileType = sourcecode.c.objc; name = MJModel.m; path = ../MJModel.m; sourceTree = "<group>"; };
		A103EB621B675BD2004C5890 /* Main.h */ = {isa = PBXFileReference; fileEncoding = 4; lastKnownFileType = sourcecode.c.h; path = Main.h; sourceTree = "<group>"; };
		A103EB631B675BD2004C5890 /* Main.m */ = {isa = PBXFileReference; fileEncoding = 4; lastKnownFileType = sourcecode.c.objc; path = Main.m; sourceTree = "<group>"; };
		A103EB651B67649C004C5890 /* Weather.h */ = {isa = PBXFileReference; fileEncoding = 4; lastKnownFileType = sourcecode.c.h; path = Weather.h; sourceTree = "<group>"; };
		A103EB661B67649C004C5890 /* Weather.m */ = {isa = PBXFileReference; fileEncoding = 4; lastKnownFileType = sourcecode.c.objc; path = Weather.m; sourceTree = "<group>"; };
		A1616AF11B79A23E004B69C8 /* networkTestModel.h */ = {isa = PBXFileReference; fileEncoding = 4; lastKnownFileType = sourcecode.c.h; path = networkTestModel.h; sourceTree = "<group>"; };
		A1616AF21B79A23E004B69C8 /* networkTestModel.m */ = {isa = PBXFileReference; fileEncoding = 4; lastKnownFileType = sourcecode.c.objc; path = networkTestModel.m; sourceTree = "<group>"; };
		A1616AF41B79A34B004B69C8 /* productModel.h */ = {isa = PBXFileReference; fileEncoding = 4; lastKnownFileType = sourcecode.c.h; path = productModel.h; sourceTree = "<group>"; };
		A1616AF51B79A34B004B69C8 /* productModel.m */ = {isa = PBXFileReference; fileEncoding = 4; lastKnownFileType = sourcecode.c.objc; path = productModel.m; sourceTree = "<group>"; };
		A191F1011B663C95003F6592 /* ModelTest.app */ = {isa = PBXFileReference; explicitFileType = wrapper.application; includeInIndex = 0; path = ModelTest.app; sourceTree = BUILT_PRODUCTS_DIR; };
		A191F1051B663C95003F6592 /* Info.plist */ = {isa = PBXFileReference; lastKnownFileType = text.plist.xml; path = Info.plist; sourceTree = "<group>"; };
		A191F1061B663C95003F6592 /* main.m */ = {isa = PBXFileReference; lastKnownFileType = sourcecode.c.objc; path = main.m; sourceTree = "<group>"; };
		A191F1081B663C95003F6592 /* AppDelegate.h */ = {isa = PBXFileReference; lastKnownFileType = sourcecode.c.h; path = AppDelegate.h; sourceTree = "<group>"; };
		A191F1091B663C95003F6592 /* AppDelegate.m */ = {isa = PBXFileReference; lastKnownFileType = sourcecode.c.objc; path = AppDelegate.m; sourceTree = "<group>"; };
		A191F10B1B663C95003F6592 /* ViewController.h */ = {isa = PBXFileReference; lastKnownFileType = sourcecode.c.h; path = ViewController.h; sourceTree = "<group>"; };
		A191F10C1B663C95003F6592 /* ViewController.m */ = {isa = PBXFileReference; lastKnownFileType = sourcecode.c.objc; path = ViewController.m; sourceTree = "<group>"; };
		A191F10F1B663C95003F6592 /* Base */ = {isa = PBXFileReference; lastKnownFileType = file.storyboard; name = Base; path = Base.lproj/Main.storyboard; sourceTree = "<group>"; };
		A191F1111B663C95003F6592 /* Images.xcassets */ = {isa = PBXFileReference; lastKnownFileType = folder.assetcatalog; path = Images.xcassets; sourceTree = "<group>"; };
		A191F1141B663C95003F6592 /* Base */ = {isa = PBXFileReference; lastKnownFileType = file.xib; name = Base; path = Base.lproj/LaunchScreen.xib; sourceTree = "<group>"; };
		A191F11A1B663C95003F6592 /* ModelTestTests.xctest */ = {isa = PBXFileReference; explicitFileType = wrapper.cfbundle; includeInIndex = 0; path = ModelTestTests.xctest; sourceTree = BUILT_PRODUCTS_DIR; };
		A191F11F1B663C95003F6592 /* Info.plist */ = {isa = PBXFileReference; lastKnownFileType = text.plist.xml; path = Info.plist; sourceTree = "<group>"; };
		A191F1201B663C95003F6592 /* ModelTestTests.m */ = {isa = PBXFileReference; lastKnownFileType = sourcecode.c.objc; path = ModelTestTests.m; sourceTree = "<group>"; };
		A1D8BE9F1B69D04000B99539 /* JSModel.h */ = {isa = PBXFileReference; fileEncoding = 4; lastKnownFileType = sourcecode.c.h; path = JSModel.h; sourceTree = "<group>"; };
		A1D8BEA01B69D04000B99539 /* JSModel.m */ = {isa = PBXFileReference; fileEncoding = 4; lastKnownFileType = sourcecode.c.objc; path = JSModel.m; sourceTree = "<group>"; };
		A1D8BEA21B69D31A00B99539 /* JSWeather.h */ = {isa = PBXFileReference; fileEncoding = 4; lastKnownFileType = sourcecode.c.h; path = JSWeather.h; sourceTree = "<group>"; };
		A1D8BEA31B69D31A00B99539 /* JSWeather.m */ = {isa = PBXFileReference; fileEncoding = 4; lastKnownFileType = sourcecode.c.objc; path = JSWeather.m; sourceTree = "<group>"; };
		A1D8BEA51B69D39100B99539 /* JSMain.h */ = {isa = PBXFileReference; fileEncoding = 4; lastKnownFileType = sourcecode.c.h; path = JSMain.h; sourceTree = "<group>"; };
		A1D8BEA61B69D39100B99539 /* JSMain.m */ = {isa = PBXFileReference; fileEncoding = 4; lastKnownFileType = sourcecode.c.objc; path = JSMain.m; sourceTree = "<group>"; };
		A1E271751B78818100B505F6 /* LXJNetworkEngine.h */ = {isa = PBXFileReference; fileEncoding = 4; lastKnownFileType = sourcecode.c.h; path = LXJNetworkEngine.h; sourceTree = "<group>"; };
		A1E271761B78818100B505F6 /* LXJNetworkEngine.m */ = {isa = PBXFileReference; fileEncoding = 4; lastKnownFileType = sourcecode.c.objc; path = LXJNetworkEngine.m; sourceTree = "<group>"; };
		ADBF3FD526D675979E9934F6 /* Pods.debug.xcconfig */ = {isa = PBXFileReference; includeInIndex = 1; lastKnownFileType = text.xcconfig; name = Pods.debug.xcconfig; path = "Pods/Target Support Files/Pods/Pods.debug.xcconfig"; sourceTree = "<group>"; };
/* End PBXFileReference section */

/* Begin PBXFrameworksBuildPhase section */
		A191F0FE1B663C95003F6592 /* Frameworks */ = {
			isa = PBXFrameworksBuildPhase;
			buildActionMask = 2147483647;
			files = (
				0B1C4396A59703569BA333DE /* libPods.a in Frameworks */,
			);
			runOnlyForDeploymentPostprocessing = 0;
		};
		A191F1171B663C95003F6592 /* Frameworks */ = {
			isa = PBXFrameworksBuildPhase;
			buildActionMask = 2147483647;
			files = (
			);
			runOnlyForDeploymentPostprocessing = 0;
		};
/* End PBXFrameworksBuildPhase section */

/* Begin PBXGroup section */
		9675BC583E552874291F450B /* Pods */ = {
			isa = PBXGroup;
			children = (
				ADBF3FD526D675979E9934F6 /* Pods.debug.xcconfig */,
				09A39E7009FF0FC92E7FB356 /* Pods.release.xcconfig */,
			);
			name = Pods;
			sourceTree = "<group>";
		};
		A103EB611B675B97004C5890 /* MJExtension */ = {
			isa = PBXGroup;
			children = (
				A103EB5E1B6733BE004C5890 /* MJModel.h */,
				A103EB5F1B6733BE004C5890 /* MJModel.m */,
				A103EB621B675BD2004C5890 /* Main.h */,
				A103EB631B675BD2004C5890 /* Main.m */,
				A103EB651B67649C004C5890 /* Weather.h */,
				A103EB661B67649C004C5890 /* Weather.m */,
			);
			path = MJExtension;
			sourceTree = "<group>";
		};
		A191F0F81B663C95003F6592 = {
			isa = PBXGroup;
			children = (
				A191F1031B663C95003F6592 /* ModelTest */,
				A191F11D1B663C95003F6592 /* ModelTestTests */,
				A191F1021B663C95003F6592 /* Products */,
				9675BC583E552874291F450B /* Pods */,
				C1088E5925CD2E76F7FB0370 /* Frameworks */,
			);
			sourceTree = "<group>";
		};
		A191F1021B663C95003F6592 /* Products */ = {
			isa = PBXGroup;
			children = (
				A191F1011B663C95003F6592 /* ModelTest.app */,
				A191F11A1B663C95003F6592 /* ModelTestTests.xctest */,
			);
			name = Products;
			sourceTree = "<group>";
		};
		A191F1031B663C95003F6592 /* ModelTest */ = {
			isa = PBXGroup;
			children = (
				A1E271741B78815F00B505F6 /* Network */,
				A1D8BE9C1B69CFF100B99539 /* JsonModel */,
				A103EB611B675B97004C5890 /* MJExtension */,
				A191F1081B663C95003F6592 /* AppDelegate.h */,
				A191F1091B663C95003F6592 /* AppDelegate.m */,
				A191F10B1B663C95003F6592 /* ViewController.h */,
				A191F10C1B663C95003F6592 /* ViewController.m */,
				A191F10E1B663C95003F6592 /* Main.storyboard */,
				A191F1111B663C95003F6592 /* Images.xcassets */,
				A191F1131B663C95003F6592 /* LaunchScreen.xib */,
				A191F1041B663C95003F6592 /* Supporting Files */,
			);
			path = ModelTest;
			sourceTree = "<group>";
		};
		A191F1041B663C95003F6592 /* Supporting Files */ = {
			isa = PBXGroup;
			children = (
				A191F1051B663C95003F6592 /* Info.plist */,
				A191F1061B663C95003F6592 /* main.m */,
				A103EB5C1B672900004C5890 /* PrefixHeader.pch */,
			);
			name = "Supporting Files";
			sourceTree = "<group>";
		};
		A191F11D1B663C95003F6592 /* ModelTestTests */ = {
			isa = PBXGroup;
			children = (
				A191F1201B663C95003F6592 /* ModelTestTests.m */,
				A191F11E1B663C95003F6592 /* Supporting Files */,
			);
			path = ModelTestTests;
			sourceTree = "<group>";
		};
		A191F11E1B663C95003F6592 /* Supporting Files */ = {
			isa = PBXGroup;
			children = (
				A191F11F1B663C95003F6592 /* Info.plist */,
			);
			name = "Supporting Files";
			sourceTree = "<group>";
		};
		A1D8BE9C1B69CFF100B99539 /* JsonModel */ = {
			isa = PBXGroup;
			children = (
				A1D8BE9F1B69D04000B99539 /* JSModel.h */,
				A1D8BEA01B69D04000B99539 /* JSModel.m */,
				A1D8BEA21B69D31A00B99539 /* JSWeather.h */,
				A1D8BEA31B69D31A00B99539 /* JSWeather.m */,
				A1D8BEA51B69D39100B99539 /* JSMain.h */,
				A1D8BEA61B69D39100B99539 /* JSMain.m */,
			);
			path = JsonModel;
			sourceTree = "<group>";
		};
		A1E271741B78815F00B505F6 /* Network */ = {
			isa = PBXGroup;
			children = (
				A1E271751B78818100B505F6 /* LXJNetworkEngine.h */,
				A1E271761B78818100B505F6 /* LXJNetworkEngine.m */,
				A1616AF11B79A23E004B69C8 /* networkTestModel.h */,
				A1616AF21B79A23E004B69C8 /* networkTestModel.m */,
				A1616AF41B79A34B004B69C8 /* productModel.h */,
				A1616AF51B79A34B004B69C8 /* productModel.m */,
			);
			path = Network;
			sourceTree = "<group>";
		};
		C1088E5925CD2E76F7FB0370 /* Frameworks */ = {
			isa = PBXGroup;
			children = (
				35A8C4AC0277444413118FB4 /* libPods.a */,
			);
			name = Frameworks;
			sourceTree = "<group>";
		};
/* End PBXGroup section */

/* Begin PBXNativeTarget section */
		A191F1001B663C95003F6592 /* ModelTest */ = {
			isa = PBXNativeTarget;
			buildConfigurationList = A191F1241B663C95003F6592 /* Build configuration list for PBXNativeTarget "ModelTest" */;
			buildPhases = (
				F7F6F18DE4964ECE5894B287 /* Check Pods Manifest.lock */,
				A191F0FD1B663C95003F6592 /* Sources */,
				A191F0FE1B663C95003F6592 /* Frameworks */,
				A191F0FF1B663C95003F6592 /* Resources */,
				A975F8AADE8F25BB4BDEFA03 /* Copy Pods Resources */,
			);
			buildRules = (
			);
			dependencies = (
			);
			name = ModelTest;
			productName = ModelTest;
			productReference = A191F1011B663C95003F6592 /* ModelTest.app */;
			productType = "com.apple.product-type.application";
		};
		A191F1191B663C95003F6592 /* ModelTestTests */ = {
			isa = PBXNativeTarget;
			buildConfigurationList = A191F1271B663C95003F6592 /* Build configuration list for PBXNativeTarget "ModelTestTests" */;
			buildPhases = (
				A191F1161B663C95003F6592 /* Sources */,
				A191F1171B663C95003F6592 /* Frameworks */,
				A191F1181B663C95003F6592 /* Resources */,
			);
			buildRules = (
			);
			dependencies = (
				A191F11C1B663C95003F6592 /* PBXTargetDependency */,
			);
			name = ModelTestTests;
			productName = ModelTestTests;
			productReference = A191F11A1B663C95003F6592 /* ModelTestTests.xctest */;
			productType = "com.apple.product-type.bundle.unit-test";
		};
/* End PBXNativeTarget section */

/* Begin PBXProject section */
		A191F0F91B663C95003F6592 /* Project object */ = {
			isa = PBXProject;
			attributes = {
				LastUpgradeCheck = 0640;
				ORGANIZATIONNAME = GOME;
				TargetAttributes = {
					A191F1001B663C95003F6592 = {
						CreatedOnToolsVersion = 6.4;
					};
					A191F1191B663C95003F6592 = {
						CreatedOnToolsVersion = 6.4;
						TestTargetID = A191F1001B663C95003F6592;
					};
				};
			};
			buildConfigurationList = A191F0FC1B663C95003F6592 /* Build configuration list for PBXProject "ModelTest" */;
			compatibilityVersion = "Xcode 3.2";
			developmentRegion = English;
			hasScannedForEncodings = 0;
			knownRegions = (
				en,
				Base,
			);
			mainGroup = A191F0F81B663C95003F6592;
			productRefGroup = A191F1021B663C95003F6592 /* Products */;
			projectDirPath = "";
			projectRoot = "";
			targets = (
				A191F1001B663C95003F6592 /* ModelTest */,
				A191F1191B663C95003F6592 /* ModelTestTests */,
			);
		};
/* End PBXProject section */

/* Begin PBXResourcesBuildPhase section */
		A191F0FF1B663C95003F6592 /* Resources */ = {
			isa = PBXResourcesBuildPhase;
			buildActionMask = 2147483647;
			files = (
				A191F1101B663C95003F6592 /* Main.storyboard in Resources */,
				A191F1151B663C95003F6592 /* LaunchScreen.xib in Resources */,
				A191F1121B663C95003F6592 /* Images.xcassets in Resources */,
			);
			runOnlyForDeploymentPostprocessing = 0;
		};
		A191F1181B663C95003F6592 /* Resources */ = {
			isa = PBXResourcesBuildPhase;
			buildActionMask = 2147483647;
			files = (
			);
			runOnlyForDeploymentPostprocessing = 0;
		};
/* End PBXResourcesBuildPhase section */

/* Begin PBXShellScriptBuildPhase section */
		A975F8AADE8F25BB4BDEFA03 /* Copy Pods Resources */ = {
			isa = PBXShellScriptBuildPhase;
			buildActionMask = 2147483647;
			files = (
			);
			inputPaths = (
			);
			name = "Copy Pods Resources";
			outputPaths = (
			);
			runOnlyForDeploymentPostprocessing = 0;
			shellPath = /bin/sh;
			shellScript = "\"${SRCROOT}/Pods/Target Support Files/Pods/Pods-resources.sh\"\n";
			showEnvVarsInLog = 0;
		};
		F7F6F18DE4964ECE5894B287 /* Check Pods Manifest.lock */ = {
			isa = PBXShellScriptBuildPhase;
			buildActionMask = 2147483647;
			files = (
			);
			inputPaths = (
			);
			name = "Check Pods Manifest.lock";
			outputPaths = (
			);
			runOnlyForDeploymentPostprocessing = 0;
			shellPath = /bin/sh;
			shellScript = "diff \"${PODS_ROOT}/../Podfile.lock\" \"${PODS_ROOT}/Manifest.lock\" > /dev/null\nif [[ $? != 0 ]] ; then\n    cat << EOM\nerror: The sandbox is not in sync with the Podfile.lock. Run 'pod install' or update your CocoaPods installation.\nEOM\n    exit 1\nfi\n";
			showEnvVarsInLog = 0;
		};
/* End PBXShellScriptBuildPhase section */

/* Begin PBXSourcesBuildPhase section */
		A191F0FD1B663C95003F6592 /* Sources */ = {
			isa = PBXSourcesBuildPhase;
			buildActionMask = 2147483647;
			files = (
				A1D8BEA71B69D39100B99539 /* JSMain.m in Sources */,
				A103EB671B67649C004C5890 /* Weather.m in Sources */,
				A103EB641B675BD2004C5890 /* Main.m in Sources */,
				A1616AF61B79A34B004B69C8 /* productModel.m in Sources */,
				A1E271771B78818100B505F6 /* LXJNetworkEngine.m in Sources */,
				A1616AF31B79A23E004B69C8 /* networkTestModel.m in Sources */,
				A1D8BEA11B69D04000B99539 /* JSModel.m in Sources */,
				A1D8BEA41B69D31A00B99539 /* JSWeather.m in Sources */,
				A103EB601B6733BE004C5890 /* MJModel.m in Sources */,
				A191F10D1B663C95003F6592 /* ViewController.m in Sources */,
				A191F10A1B663C95003F6592 /* AppDelegate.m in Sources */,
				A191F1071B663C95003F6592 /* main.m in Sources */,
			);
			runOnlyForDeploymentPostprocessing = 0;
		};
		A191F1161B663C95003F6592 /* Sources */ = {
			isa = PBXSourcesBuildPhase;
			buildActionMask = 2147483647;
			files = (
				A191F1211B663C95003F6592 /* ModelTestTests.m in Sources */,
			);
			runOnlyForDeploymentPostprocessing = 0;
		};
/* End PBXSourcesBuildPhase section */

/* Begin PBXTargetDependency section */
		A191F11C1B663C95003F6592 /* PBXTargetDependency */ = {
			isa = PBXTargetDependency;
			target = A191F1001B663C95003F6592 /* ModelTest */;
			targetProxy = A191F11B1B663C95003F6592 /* PBXContainerItemProxy */;
		};
/* End PBXTargetDependency section */

/* Begin PBXVariantGroup section */
		A191F10E1B663C95003F6592 /* Main.storyboard */ = {
			isa = PBXVariantGroup;
			children = (
				A191F10F1B663C95003F6592 /* Base */,
			);
			name = Main.storyboard;
			sourceTree = "<group>";
		};
		A191F1131B663C95003F6592 /* LaunchScreen.xib */ = {
			isa = PBXVariantGroup;
			children = (
				A191F1141B663C95003F6592 /* Base */,
			);
			name = LaunchScreen.xib;
			sourceTree = "<group>";
		};
/* End PBXVariantGroup section */

/* Begin XCBuildConfiguration section */
		A191F1221B663C95003F6592 /* Debug */ = {
			isa = XCBuildConfiguration;
			buildSettings = {
				ALWAYS_SEARCH_USER_PATHS = NO;
				CLANG_CXX_LANGUAGE_STANDARD = "gnu++0x";
				CLANG_CXX_LIBRARY = "libc++";
				CLANG_ENABLE_MODULES = YES;
				CLANG_ENABLE_OBJC_ARC = YES;
				CLANG_WARN_BOOL_CONVERSION = YES;
				CLANG_WARN_CONSTANT_CONVERSION = YES;
				CLANG_WARN_DIRECT_OBJC_ISA_USAGE = YES_ERROR;
				CLANG_WARN_EMPTY_BODY = YES;
				CLANG_WARN_ENUM_CONVERSION = YES;
				CLANG_WARN_INT_CONVERSION = YES;
				CLANG_WARN_OBJC_ROOT_CLASS = YES_ERROR;
				CLANG_WARN_UNREACHABLE_CODE = YES;
				CLANG_WARN__DUPLICATE_METHOD_MATCH = YES;
				"CODE_SIGN_IDENTITY[sdk=iphoneos*]" = "iPhone Developer";
				COPY_PHASE_STRIP = NO;
				DEBUG_INFORMATION_FORMAT = "dwarf-with-dsym";
				ENABLE_STRICT_OBJC_MSGSEND = YES;
				GCC_C_LANGUAGE_STANDARD = gnu99;
				GCC_DYNAMIC_NO_PIC = NO;
				GCC_NO_COMMON_BLOCKS = YES;
				GCC_OPTIMIZATION_LEVEL = 0;
				GCC_PREPROCESSOR_DEFINITIONS = (
					"DEBUG=1",
					"$(inherited)",
				);
				GCC_SYMBOLS_PRIVATE_EXTERN = NO;
				GCC_WARN_64_TO_32_BIT_CONVERSION = YES;
				GCC_WARN_ABOUT_RETURN_TYPE = YES_ERROR;
				GCC_WARN_UNDECLARED_SELECTOR = YES;
				GCC_WARN_UNINITIALIZED_AUTOS = YES_AGGRESSIVE;
				GCC_WARN_UNUSED_FUNCTION = YES;
				GCC_WARN_UNUSED_VARIABLE = YES;
				IPHONEOS_DEPLOYMENT_TARGET = 8.4;
				MTL_ENABLE_DEBUG_INFO = YES;
				ONLY_ACTIVE_ARCH = YES;
				SDKROOT = iphoneos;
			};
			name = Debug;
		};
		A191F1231B663C95003F6592 /* Release */ = {
			isa = XCBuildConfiguration;
			buildSettings = {
				ALWAYS_SEARCH_USER_PATHS = NO;
				CLANG_CXX_LANGUAGE_STANDARD = "gnu++0x";
				CLANG_CXX_LIBRARY = "libc++";
				CLANG_ENABLE_MODULES = YES;
				CLANG_ENABLE_OBJC_ARC = YES;
				CLANG_WARN_BOOL_CONVERSION = YES;
				CLANG_WARN_CONSTANT_CONVERSION = YES;
				CLANG_WARN_DIRECT_OBJC_ISA_USAGE = YES_ERROR;
				CLANG_WARN_EMPTY_BODY = YES;
				CLANG_WARN_ENUM_CONVERSION = YES;
				CLANG_WARN_INT_CONVERSION = YES;
				CLANG_WARN_OBJC_ROOT_CLASS = YES_ERROR;
				CLANG_WARN_UNREACHABLE_CODE = YES;
				CLANG_WARN__DUPLICATE_METHOD_MATCH = YES;
				"CODE_SIGN_IDENTITY[sdk=iphoneos*]" = "iPhone Developer";
				COPY_PHASE_STRIP = NO;
				DEBUG_INFORMATION_FORMAT = "dwarf-with-dsym";
				ENABLE_NS_ASSERTIONS = NO;
				ENABLE_STRICT_OBJC_MSGSEND = YES;
				GCC_C_LANGUAGE_STANDARD = gnu99;
				GCC_NO_COMMON_BLOCKS = YES;
				GCC_WARN_64_TO_32_BIT_CONVERSION = YES;
				GCC_WARN_ABOUT_RETURN_TYPE = YES_ERROR;
				GCC_WARN_UNDECLARED_SELECTOR = YES;
				GCC_WARN_UNINITIALIZED_AUTOS = YES_AGGRESSIVE;
				GCC_WARN_UNUSED_FUNCTION = YES;
				GCC_WARN_UNUSED_VARIABLE = YES;
				IPHONEOS_DEPLOYMENT_TARGET = 8.4;
				MTL_ENABLE_DEBUG_INFO = NO;
				SDKROOT = iphoneos;
				VALIDATE_PRODUCT = YES;
			};
			name = Release;
		};
		A191F1251B663C95003F6592 /* Debug */ = {
			isa = XCBuildConfiguration;
			baseConfigurationReference = ADBF3FD526D675979E9934F6 /* Pods.debug.xcconfig */;
			buildSettings = {
				ASSETCATALOG_COMPILER_APPICON_NAME = AppIcon;
				CLANG_ENABLE_MODULES = YES;
				GCC_PRECOMPILE_PREFIX_HEADER = YES;
				GCC_PREFIX_HEADER = ModelTest/PrefixHeader.pch;
				INFOPLIST_FILE = ModelTest/Info.plist;
				LD_RUNPATH_SEARCH_PATHS = "$(inherited) @executable_path/Frameworks";
				PRODUCT_NAME = "$(TARGET_NAME)";
				SWIFT_OPTIMIZATION_LEVEL = "-Onone";
			};
			name = Debug;
		};
		A191F1261B663C95003F6592 /* Release */ = {
			isa = XCBuildConfiguration;
			baseConfigurationReference = 09A39E7009FF0FC92E7FB356 /* Pods.release.xcconfig */;
			buildSettings = {
				ASSETCATALOG_COMPILER_APPICON_NAME = AppIcon;
				CLANG_ENABLE_MODULES = YES;
				GCC_PRECOMPILE_PREFIX_HEADER = YES;
				GCC_PREFIX_HEADER = ModelTest/PrefixHeader.pch;
				INFOPLIST_FILE = ModelTest/Info.plist;
				LD_RUNPATH_SEARCH_PATHS = "$(inherited) @executable_path/Frameworks";
				PRODUCT_NAME = "$(TARGET_NAME)";
			};
			name = Release;
		};
		A191F1281B663C95003F6592 /* Debug */ = {
			isa = XCBuildConfiguration;
			buildSettings = {
				BUNDLE_LOADER = "$(TEST_HOST)";
				FRAMEWORK_SEARCH_PATHS = (
					"$(SDKROOT)/Developer/Library/Frameworks",
					"$(inherited)",
				);
				GCC_PREPROCESSOR_DEFINITIONS = (
					"DEBUG=1",
					"$(inherited)",
				);
				INFOPLIST_FILE = ModelTestTests/Info.plist;
				LD_RUNPATH_SEARCH_PATHS = "$(inherited) @executable_path/Frameworks @loader_path/Frameworks";
				PRODUCT_NAME = "$(TARGET_NAME)";
				TEST_HOST = "$(BUILT_PRODUCTS_DIR)/ModelTest.app/ModelTest";
			};
			name = Debug;
		};
		A191F1291B663C95003F6592 /* Release */ = {
			isa = XCBuildConfiguration;
			buildSettings = {
				BUNDLE_LOADER = "$(TEST_HOST)";
				FRAMEWORK_SEARCH_PATHS = (
					"$(SDKROOT)/Developer/Library/Frameworks",
					"$(inherited)",
				);
				INFOPLIST_FILE = ModelTestTests/Info.plist;
				LD_RUNPATH_SEARCH_PATHS = "$(inherited) @executable_path/Frameworks @loader_path/Frameworks";
				PRODUCT_NAME = "$(TARGET_NAME)";
				TEST_HOST = "$(BUILT_PRODUCTS_DIR)/ModelTest.app/ModelTest";
			};
			name = Release;
		};
/* End XCBuildConfiguration section */

/* Begin XCConfigurationList section */
		A191F0FC1B663C95003F6592 /* Build configuration list for PBXProject "ModelTest" */ = {
			isa = XCConfigurationList;
			buildConfigurations = (
				A191F1221B663C95003F6592 /* Debug */,
				A191F1231B663C95003F6592 /* Release */,
			);
			defaultConfigurationIsVisible = 0;
			defaultConfigurationName = Release;
		};
		A191F1241B663C95003F6592 /* Build configuration list for PBXNativeTarget "ModelTest" */ = {
			isa = XCConfigurationList;
			buildConfigurations = (
				A191F1251B663C95003F6592 /* Debug */,
				A191F1261B663C95003F6592 /* Release */,
			);
			defaultConfigurationIsVisible = 0;
			defaultConfigurationName = Release;
		};
		A191F1271B663C95003F6592 /* Build configuration list for PBXNativeTarget "ModelTestTests" */ = {
			isa = XCConfigurationList;
			buildConfigurations = (
				A191F1281B663C95003F6592 /* Debug */,
				A191F1291B663C95003F6592 /* Release */,
			);
			defaultConfigurationIsVisible = 0;
			defaultConfigurationName = Release;
		};
/* End XCConfigurationList section */
	};
	rootObject = A191F0F91B663C95003F6592 /* Project object */;
}
